<Solution>
  <Folder Name="/src/">
    <Project Path="src/FormulaParser/FormulaParser.vbproj" />
    <Project Path="src/Lancio.Data.Access/Lancio.Data.Access.vbproj" />
    <Project Path="src/Lancio.Office.Word/Lancio.Office.Word.vbproj" />
    <Project Path="src/Lancio.Office.Word.WinForms/Lancio.Office.Word.WinForms.vbproj" />
  </Folder>
  <Folder Name="/tests/">
    <Project Path="tests/FormulaParser.Smoke/FormulaParser.Smoke.vbproj" />
    <Project Path="tests/Access.Smoke/Access.Smoke.vbproj" />
    <Project Path="tests/Word.Smoke/Word.Smoke.vbproj" />
  </Folder>
</Solution>
